
Microsoft Visual Studio Solution File, Format Version 12.00
# Visual Studio Version 17
VisualStudioVersion = 17.0.32112.339
MinimumVisualStudioVersion = 10.0.40219.1
Project("{2150E333-8FDC-42A3-9474-1A3956D46DE8}") = "Services", "Services", "{EEBFFE21-D1CC-4B9F-8AB6-B7E57E46FBAD}"
EndProject
Project("{2150E333-8FDC-42A3-9474-1A3956D46DE8}") = "Application", "Application", "{F3A47C2B-685D-43B8-904A-4E4810416EC9}"
EndProject
Project("{2150E333-8FDC-42A3-9474-1A3956D46DE8}") = "Infra", "Infra", "{598B40A0-1EC0-4C96-9439-43F5EA7DB28E}"
EndProject
Project("{9A19103F-16F7-4668-BE54-9A1E7A4F7556}") = "UtilityFramework.Infra.Core.MongoDb", "src\UtilityFramework.Infra.Core.MongoDb\UtilityFramework.Infra.Core.MongoDb.csproj", "{649D77E0-7EFB-4D3B-A1C9-CB3E3CFC1084}"
EndProject
Project("{2150E333-8FDC-42A3-9474-1A3956D46DE8}") = "Presentation", "Presentation", "{E53968C5-358D-47B6-B9F4-7787EE00B1D9}"
EndProject
Project("{9A19103F-16F7-4668-BE54-9A1E7A4F7556}") = "UtilityFramework.Application.Core", "src\UtilityFramework.Application.Core\UtilityFramework.Application.Core.csproj", "{05407CF6-669F-46BF-A053-6ACD7BD33DE0}"
EndProject
Project("{9A19103F-16F7-4668-BE54-9A1E7A4F7556}") = "UtilityFramework.Services.Core", "src\UtilityFramework.Services.Core\UtilityFramework.Services.Core.csproj", "{B1DD90F1-591F-4F79-9784-45420085ECF5}"
EndProject
Project("{9A19103F-16F7-4668-BE54-9A1E7A4F7556}") = "UtilityFramework.Services.Iugu.Core", "src\UtilityFramework.Services.Iugu.Core\UtilityFramework.Services.Iugu.Core.csproj", "{AA386139-B06E-4815-B61C-92035C15629D}"
EndProject
Project("{9A19103F-16F7-4668-BE54-9A1E7A4F7556}") = "UtilityFramework.Infra.Repository.Core", "src\UtilityFramework.Infra.Repository.Core\UtilityFramework.Infra.Repository.Core.csproj", "{59C48CF8-D645-4CF8-A98E-A1F41F651F0E}"
EndProject
Project("{9A19103F-16F7-4668-BE54-9A1E7A4F7556}") = "UtilityFramework.Services.Zoop.Core", "src\UtilityFramework.Services.Zoop.Core\UtilityFramework.Services.Zoop.Core.csproj", "{E5B9BAEB-6FFA-46AB-B63B-989929FA334C}"
EndProject
Project("{9A19103F-16F7-4668-BE54-9A1E7A4F7556}") = "UtilityFramework.Services.WebSocket.Core", "src\UtilityFramework.Services.WebSocket.Core\UtilityFramework.Services.WebSocket.Core.csproj", "{F6AFD57E-AA6D-481F-9D2B-11D3AC427D03}"
EndProject
Project("{9A19103F-16F7-4668-BE54-9A1E7A4F7556}") = "UtilityFramework.Infra.Core3.MongoDb", "src\UtilityFramework.Infra.Core3.MongoDb\UtilityFramework.Infra.Core3.MongoDb.csproj", "{745AA70C-4DDB-4F3A-9411-2DB8B92F51F7}"
EndProject
Project("{9A19103F-16F7-4668-BE54-9A1E7A4F7556}") = "UtilityFramework.Infra.Repository.Core3", "src\UtilityFramework.Infra.Repository.Core3\UtilityFramework.Infra.Repository.Core3.csproj", "{D146A749-7635-44D6-9457-77F504EC7C27}"
EndProject
Project("{9A19103F-16F7-4668-BE54-9A1E7A4F7556}") = "UtilityFramework.Services.Core3", "src\UtilityFramework.Services.Core3\UtilityFramework.Services.Core3.csproj", "{017586D5-8643-4FD6-A124-9B4D0713C824}"
EndProject
Project("{9A19103F-16F7-4668-BE54-9A1E7A4F7556}") = "UtilityFramework.Application.Core3", "src\UtilityFramework.Application.Core3\UtilityFramework.Application.Core3.csproj", "{809EB16D-46B7-41A9-A1CE-28F29A850A96}"
EndProject
Project("{9A19103F-16F7-4668-BE54-9A1E7A4F7556}") = "UtilityFramework.Services.Iugu.Core3", "src\UtilityFramework.Services.Iugu.Core3\UtilityFramework.Services.Iugu.Core3.csproj", "{0CEA664B-E1D0-4CEB-B740-C756B29F9C05}"
EndProject
Project("{9A19103F-16F7-4668-BE54-9A1E7A4F7556}") = "UtilityFramework.Test.Core3", "src\UtilityFramework.Test.Core3\UtilityFramework.Test.Core3.csproj", "{F2A900ED-3AE7-48FC-A425-DC98C612D9B1}"
EndProject
Project("{2150E333-8FDC-42A3-9474-1A3956D46DE8}") = "Test", "Test", "{C84AB77A-072E-4545-9229-2B925C9F2469}"
EndProject
Project("{9A19103F-16F7-4668-BE54-9A1E7A4F7556}") = "UtilityFramework.Services.Vimeo.Core3", "src\UtilityFramework.Services.Vimeo.Core3\UtilityFramework.Services.Vimeo.Core3.csproj", "{4C44B86F-3898-4220-BDE2-547CA475CDC7}"
EndProject
Project("{2150E333-8FDC-42A3-9474-1A3956D46DE8}") = "Vimeo", "Vimeo", "{76E54D32-344D-44E7-A058-C93B85497755}"
EndProject
Project("{9A19103F-16F7-4668-BE54-9A1E7A4F7556}") = "UtilityFramework.Services.Vimeo.Core", "src\UtilityFramework.Services.Vimeo.Core\UtilityFramework.Services.Vimeo.Core.csproj", "{526A25D6-8A42-4542-8629-0C47015EB6ED}"
EndProject
Project("{FAE04EC0-301F-11D3-BF4B-00C04F79EFBC}") = "UtilityFramework.Services.Stripe.Core", "src\UtilityFramework.Services.Stripe.Core\UtilityFramework.Services.Stripe.Core.csproj", "{52E74919-2A48-43D4-9D92-7D70E46B06C9}"
EndProject
Project("{FAE04EC0-301F-11D3-BF4B-00C04F79EFBC}") = "UtilityFramework.Services.Stripe.Core3", "src\UtilityFramework.Services.Stripe.Core3\UtilityFramework.Services.Stripe.Core3.csproj", "{C8010792-EA99-47F9-A8A8-7DF231DAD369}"
EndProject
Project("{FAE04EC0-301F-11D3-BF4B-00C04F79EFBC}") = "UtilityFramework.Test.Core", "src\UtilityFramework.Test.Core\UtilityFramework.Test.Core.csproj", "{11561247-1331-9F3E-DF9B-E26631692ED1}"
EndProject
Project("{FAE04EC0-301F-11D3-BF4B-00C04F79EFBC}") = "UtilityFramework.WebApi.Core3", "src\UtilityFramework.WebApi.Core3\UtilityFramework.WebApi.Core3.csproj", "{AA702156-B091-4AEA-8A60-8DCA87F4C983}"
EndProject
Global
	GlobalSection(SolutionConfigurationPlatforms) = preSolution
		Debug|Any CPU = Debug|Any CPU
		Local|Any CPU = Local|Any CPU
		Release|Any CPU = Release|Any CPU
		Test|Any CPU = Test|Any CPU
	EndGlobalSection
	GlobalSection(ProjectConfigurationPlatforms) = postSolution
		{649D77E0-7EFB-4D3B-A1C9-CB3E3CFC1084}.Debug|Any CPU.ActiveCfg = Debug|Any CPU
		{649D77E0-7EFB-4D3B-A1C9-CB3E3CFC1084}.Debug|Any CPU.Build.0 = Debug|Any CPU
		{649D77E0-7EFB-4D3B-A1C9-CB3E3CFC1084}.Local|Any CPU.ActiveCfg = Release|Any CPU
		{649D77E0-7EFB-4D3B-A1C9-CB3E3CFC1084}.Release|Any CPU.ActiveCfg = Release|Any CPU
		{649D77E0-7EFB-4D3B-A1C9-CB3E3CFC1084}.Release|Any CPU.Build.0 = Release|Any CPU
		{649D77E0-7EFB-4D3B-A1C9-CB3E3CFC1084}.Test|Any CPU.ActiveCfg = Release|Any CPU
		{05407CF6-669F-46BF-A053-6ACD7BD33DE0}.Debug|Any CPU.ActiveCfg = Debug|Any CPU
		{05407CF6-669F-46BF-A053-6ACD7BD33DE0}.Debug|Any CPU.Build.0 = Debug|Any CPU
		{05407CF6-669F-46BF-A053-6ACD7BD33DE0}.Local|Any CPU.ActiveCfg = Release|Any CPU
		{05407CF6-669F-46BF-A053-6ACD7BD33DE0}.Release|Any CPU.ActiveCfg = Release|Any CPU
		{05407CF6-669F-46BF-A053-6ACD7BD33DE0}.Release|Any CPU.Build.0 = Release|Any CPU
		{05407CF6-669F-46BF-A053-6ACD7BD33DE0}.Test|Any CPU.ActiveCfg = Release|Any CPU
		{B1DD90F1-591F-4F79-9784-45420085ECF5}.Debug|Any CPU.ActiveCfg = Debug|Any CPU
		{B1DD90F1-591F-4F79-9784-45420085ECF5}.Debug|Any CPU.Build.0 = Debug|Any CPU
		{B1DD90F1-591F-4F79-9784-45420085ECF5}.Local|Any CPU.ActiveCfg = Release|Any CPU
		{B1DD90F1-591F-4F79-9784-45420085ECF5}.Release|Any CPU.ActiveCfg = Release|Any CPU
		{B1DD90F1-591F-4F79-9784-45420085ECF5}.Release|Any CPU.Build.0 = Release|Any CPU
		{B1DD90F1-591F-4F79-9784-45420085ECF5}.Test|Any CPU.ActiveCfg = Release|Any CPU
		{AA386139-B06E-4815-B61C-92035C15629D}.Debug|Any CPU.ActiveCfg = Debug|Any CPU
		{AA386139-B06E-4815-B61C-92035C15629D}.Debug|Any CPU.Build.0 = Debug|Any CPU
		{AA386139-B06E-4815-B61C-92035C15629D}.Local|Any CPU.ActiveCfg = Release|Any CPU
		{AA386139-B06E-4815-B61C-92035C15629D}.Release|Any CPU.ActiveCfg = Release|Any CPU
		{AA386139-B06E-4815-B61C-92035C15629D}.Release|Any CPU.Build.0 = Release|Any CPU
		{AA386139-B06E-4815-B61C-92035C15629D}.Test|Any CPU.ActiveCfg = Release|Any CPU
		{59C48CF8-D645-4CF8-A98E-A1F41F651F0E}.Debug|Any CPU.ActiveCfg = Debug|Any CPU
		{59C48CF8-D645-4CF8-A98E-A1F41F651F0E}.Debug|Any CPU.Build.0 = Debug|Any CPU
		{59C48CF8-D645-4CF8-A98E-A1F41F651F0E}.Local|Any CPU.ActiveCfg = Release|Any CPU
		{59C48CF8-D645-4CF8-A98E-A1F41F651F0E}.Release|Any CPU.ActiveCfg = Release|Any CPU
		{59C48CF8-D645-4CF8-A98E-A1F41F651F0E}.Release|Any CPU.Build.0 = Release|Any CPU
		{59C48CF8-D645-4CF8-A98E-A1F41F651F0E}.Test|Any CPU.ActiveCfg = Release|Any CPU
		{E5B9BAEB-6FFA-46AB-B63B-989929FA334C}.Debug|Any CPU.ActiveCfg = Debug|Any CPU
		{E5B9BAEB-6FFA-46AB-B63B-989929FA334C}.Debug|Any CPU.Build.0 = Debug|Any CPU
		{E5B9BAEB-6FFA-46AB-B63B-989929FA334C}.Local|Any CPU.ActiveCfg = Release|Any CPU
		{E5B9BAEB-6FFA-46AB-B63B-989929FA334C}.Release|Any CPU.ActiveCfg = Release|Any CPU
		{E5B9BAEB-6FFA-46AB-B63B-989929FA334C}.Release|Any CPU.Build.0 = Release|Any CPU
		{E5B9BAEB-6FFA-46AB-B63B-989929FA334C}.Test|Any CPU.ActiveCfg = Release|Any CPU
		{F6AFD57E-AA6D-481F-9D2B-11D3AC427D03}.Debug|Any CPU.ActiveCfg = Debug|Any CPU
		{F6AFD57E-AA6D-481F-9D2B-11D3AC427D03}.Debug|Any CPU.Build.0 = Debug|Any CPU
		{F6AFD57E-AA6D-481F-9D2B-11D3AC427D03}.Local|Any CPU.ActiveCfg = Release|Any CPU
		{F6AFD57E-AA6D-481F-9D2B-11D3AC427D03}.Release|Any CPU.ActiveCfg = Release|Any CPU
		{F6AFD57E-AA6D-481F-9D2B-11D3AC427D03}.Release|Any CPU.Build.0 = Release|Any CPU
		{F6AFD57E-AA6D-481F-9D2B-11D3AC427D03}.Test|Any CPU.ActiveCfg = Release|Any CPU
		{745AA70C-4DDB-4F3A-9411-2DB8B92F51F7}.Debug|Any CPU.ActiveCfg = Debug|Any CPU
		{745AA70C-4DDB-4F3A-9411-2DB8B92F51F7}.Debug|Any CPU.Build.0 = Debug|Any CPU
		{745AA70C-4DDB-4F3A-9411-2DB8B92F51F7}.Local|Any CPU.ActiveCfg = Release|Any CPU
		{745AA70C-4DDB-4F3A-9411-2DB8B92F51F7}.Local|Any CPU.Build.0 = Release|Any CPU
		{745AA70C-4DDB-4F3A-9411-2DB8B92F51F7}.Release|Any CPU.ActiveCfg = Release|Any CPU
		{745AA70C-4DDB-4F3A-9411-2DB8B92F51F7}.Release|Any CPU.Build.0 = Release|Any CPU
		{745AA70C-4DDB-4F3A-9411-2DB8B92F51F7}.Test|Any CPU.ActiveCfg = Release|Any CPU
		{745AA70C-4DDB-4F3A-9411-2DB8B92F51F7}.Test|Any CPU.Build.0 = Release|Any CPU
		{D146A749-7635-44D6-9457-77F504EC7C27}.Debug|Any CPU.ActiveCfg = Debug|Any CPU
		{D146A749-7635-44D6-9457-77F504EC7C27}.Debug|Any CPU.Build.0 = Debug|Any CPU
		{D146A749-7635-44D6-9457-77F504EC7C27}.Local|Any CPU.ActiveCfg = Release|Any CPU
		{D146A749-7635-44D6-9457-77F504EC7C27}.Local|Any CPU.Build.0 = Release|Any CPU
		{D146A749-7635-44D6-9457-77F504EC7C27}.Release|Any CPU.ActiveCfg = Release|Any CPU
		{D146A749-7635-44D6-9457-77F504EC7C27}.Release|Any CPU.Build.0 = Release|Any CPU
		{D146A749-7635-44D6-9457-77F504EC7C27}.Test|Any CPU.ActiveCfg = Release|Any CPU
		{D146A749-7635-44D6-9457-77F504EC7C27}.Test|Any CPU.Build.0 = Release|Any CPU
		{017586D5-8643-4FD6-A124-9B4D0713C824}.Debug|Any CPU.ActiveCfg = Debug|Any CPU
		{017586D5-8643-4FD6-A124-9B4D0713C824}.Debug|Any CPU.Build.0 = Debug|Any CPU
		{017586D5-8643-4FD6-A124-9B4D0713C824}.Local|Any CPU.ActiveCfg = Release|Any CPU
		{017586D5-8643-4FD6-A124-9B4D0713C824}.Local|Any CPU.Build.0 = Release|Any CPU
		{017586D5-8643-4FD6-A124-9B4D0713C824}.Release|Any CPU.ActiveCfg = Release|Any CPU
		{017586D5-8643-4FD6-A124-9B4D0713C824}.Release|Any CPU.Build.0 = Release|Any CPU
		{017586D5-8643-4FD6-A124-9B4D0713C824}.Test|Any CPU.ActiveCfg = Release|Any CPU
		{017586D5-8643-4FD6-A124-9B4D0713C824}.Test|Any CPU.Build.0 = Release|Any CPU
		{809EB16D-46B7-41A9-A1CE-28F29A850A96}.Debug|Any CPU.ActiveCfg = Debug|Any CPU
		{809EB16D-46B7-41A9-A1CE-28F29A850A96}.Debug|Any CPU.Build.0 = Debug|Any CPU
		{809EB16D-46B7-41A9-A1CE-28F29A850A96}.Local|Any CPU.ActiveCfg = Release|Any CPU
		{809EB16D-46B7-41A9-A1CE-28F29A850A96}.Local|Any CPU.Build.0 = Release|Any CPU
		{809EB16D-46B7-41A9-A1CE-28F29A850A96}.Release|Any CPU.ActiveCfg = Release|Any CPU
		{809EB16D-46B7-41A9-A1CE-28F29A850A96}.Release|Any CPU.Build.0 = Release|Any CPU
		{809EB16D-46B7-41A9-A1CE-28F29A850A96}.Test|Any CPU.ActiveCfg = Release|Any CPU
		{809EB16D-46B7-41A9-A1CE-28F29A850A96}.Test|Any CPU.Build.0 = Release|Any CPU
		{0CEA664B-E1D0-4CEB-B740-C756B29F9C05}.Debug|Any CPU.ActiveCfg = Debug|Any CPU
		{0CEA664B-E1D0-4CEB-B740-C756B29F9C05}.Debug|Any CPU.Build.0 = Debug|Any CPU
		{0CEA664B-E1D0-4CEB-B740-C756B29F9C05}.Local|Any CPU.ActiveCfg = Release|Any CPU
		{0CEA664B-E1D0-4CEB-B740-C756B29F9C05}.Local|Any CPU.Build.0 = Release|Any CPU
		{0CEA664B-E1D0-4CEB-B740-C756B29F9C05}.Release|Any CPU.ActiveCfg = Release|Any CPU
		{0CEA664B-E1D0-4CEB-B740-C756B29F9C05}.Release|Any CPU.Build.0 = Release|Any CPU
		{0CEA664B-E1D0-4CEB-B740-C756B29F9C05}.Test|Any CPU.ActiveCfg = Release|Any CPU
		{0CEA664B-E1D0-4CEB-B740-C756B29F9C05}.Test|Any CPU.Build.0 = Release|Any CPU
		{F2A900ED-3AE7-48FC-A425-DC98C612D9B1}.Debug|Any CPU.ActiveCfg = Debug|Any CPU
		{F2A900ED-3AE7-48FC-A425-DC98C612D9B1}.Debug|Any CPU.Build.0 = Debug|Any CPU
		{F2A900ED-3AE7-48FC-A425-DC98C612D9B1}.Local|Any CPU.ActiveCfg = Release|Any CPU
		{F2A900ED-3AE7-48FC-A425-DC98C612D9B1}.Local|Any CPU.Build.0 = Release|Any CPU
		{F2A900ED-3AE7-48FC-A425-DC98C612D9B1}.Release|Any CPU.ActiveCfg = Release|Any CPU
		{F2A900ED-3AE7-48FC-A425-DC98C612D9B1}.Release|Any CPU.Build.0 = Release|Any CPU
		{F2A900ED-3AE7-48FC-A425-DC98C612D9B1}.Test|Any CPU.ActiveCfg = Release|Any CPU
		{F2A900ED-3AE7-48FC-A425-DC98C612D9B1}.Test|Any CPU.Build.0 = Release|Any CPU
		{4C44B86F-3898-4220-BDE2-547CA475CDC7}.Debug|Any CPU.ActiveCfg = Debug|Any CPU
		{4C44B86F-3898-4220-BDE2-547CA475CDC7}.Debug|Any CPU.Build.0 = Debug|Any CPU
		{4C44B86F-3898-4220-BDE2-547CA475CDC7}.Local|Any CPU.ActiveCfg = Release|Any CPU
		{4C44B86F-3898-4220-BDE2-547CA475CDC7}.Local|Any CPU.Build.0 = Release|Any CPU
		{4C44B86F-3898-4220-BDE2-547CA475CDC7}.Release|Any CPU.ActiveCfg = Release|Any CPU
		{4C44B86F-3898-4220-BDE2-547CA475CDC7}.Release|Any CPU.Build.0 = Release|Any CPU
		{4C44B86F-3898-4220-BDE2-547CA475CDC7}.Test|Any CPU.ActiveCfg = Release|Any CPU
		{4C44B86F-3898-4220-BDE2-547CA475CDC7}.Test|Any CPU.Build.0 = Release|Any CPU
		{526A25D6-8A42-4542-8629-0C47015EB6ED}.Debug|Any CPU.ActiveCfg = Debug|Any CPU
		{526A25D6-8A42-4542-8629-0C47015EB6ED}.Debug|Any CPU.Build.0 = Debug|Any CPU
		{526A25D6-8A42-4542-8629-0C47015EB6ED}.Local|Any CPU.ActiveCfg = Debug|Any CPU
		{526A25D6-8A42-4542-8629-0C47015EB6ED}.Local|Any CPU.Build.0 = Debug|Any CPU
		{526A25D6-8A42-4542-8629-0C47015EB6ED}.Release|Any CPU.ActiveCfg = Release|Any CPU
		{526A25D6-8A42-4542-8629-0C47015EB6ED}.Release|Any CPU.Build.0 = Release|Any CPU
		{526A25D6-8A42-4542-8629-0C47015EB6ED}.Test|Any CPU.ActiveCfg = Debug|Any CPU
		{526A25D6-8A42-4542-8629-0C47015EB6ED}.Test|Any CPU.Build.0 = Debug|Any CPU
		{52E74919-2A48-43D4-9D92-7D70E46B06C9}.Debug|Any CPU.ActiveCfg = Debug|Any CPU
		{52E74919-2A48-43D4-9D92-7D70E46B06C9}.Debug|Any CPU.Build.0 = Debug|Any CPU
		{52E74919-2A48-43D4-9D92-7D70E46B06C9}.Local|Any CPU.ActiveCfg = Debug|Any CPU
		{52E74919-2A48-43D4-9D92-7D70E46B06C9}.Local|Any CPU.Build.0 = Debug|Any CPU
		{52E74919-2A48-43D4-9D92-7D70E46B06C9}.Release|Any CPU.ActiveCfg = Release|Any CPU
		{52E74919-2A48-43D4-9D92-7D70E46B06C9}.Release|Any CPU.Build.0 = Release|Any CPU
		{52E74919-2A48-43D4-9D92-7D70E46B06C9}.Test|Any CPU.ActiveCfg = Debug|Any CPU
		{52E74919-2A48-43D4-9D92-7D70E46B06C9}.Test|Any CPU.Build.0 = Debug|Any CPU
		{C8010792-EA99-47F9-A8A8-7DF231DAD369}.Debug|Any CPU.ActiveCfg = Debug|Any CPU
		{C8010792-EA99-47F9-A8A8-7DF231DAD369}.Debug|Any CPU.Build.0 = Debug|Any CPU
		{C8010792-EA99-47F9-A8A8-7DF231DAD369}.Local|Any CPU.ActiveCfg = Debug|Any CPU
		{C8010792-EA99-47F9-A8A8-7DF231DAD369}.Local|Any CPU.Build.0 = Debug|Any CPU
		{C8010792-EA99-47F9-A8A8-7DF231DAD369}.Release|Any CPU.ActiveCfg = Release|Any CPU
		{C8010792-EA99-47F9-A8A8-7DF231DAD369}.Release|Any CPU.Build.0 = Release|Any CPU
		{C8010792-EA99-47F9-A8A8-7DF231DAD369}.Test|Any CPU.ActiveCfg = Debug|Any CPU
		{C8010792-EA99-47F9-A8A8-7DF231DAD369}.Test|Any CPU.Build.0 = Debug|Any CPU
		{11561247-1331-9F3E-DF9B-E26631692ED1}.Debug|Any CPU.ActiveCfg = Debug|Any CPU
		{11561247-1331-9F3E-DF9B-E26631692ED1}.Debug|Any CPU.Build.0 = Debug|Any CPU
		{11561247-1331-9F3E-DF9B-E26631692ED1}.Local|Any CPU.ActiveCfg = Debug|Any CPU
		{11561247-1331-9F3E-DF9B-E26631692ED1}.Local|Any CPU.Build.0 = Debug|Any CPU
		{11561247-1331-9F3E-DF9B-E26631692ED1}.Release|Any CPU.ActiveCfg = Release|Any CPU
		{11561247-1331-9F3E-DF9B-E26631692ED1}.Release|Any CPU.Build.0 = Release|Any CPU
		{11561247-1331-9F3E-DF9B-E26631692ED1}.Test|Any CPU.ActiveCfg = Debug|Any CPU
		{11561247-1331-9F3E-DF9B-E26631692ED1}.Test|Any CPU.Build.0 = Debug|Any CPU
		{AA702156-B091-4AEA-8A60-8DCA87F4C983}.Debug|Any CPU.ActiveCfg = Debug|Any CPU
		{AA702156-B091-4AEA-8A60-8DCA87F4C983}.Debug|Any CPU.Build.0 = Debug|Any CPU
		{AA702156-B091-4AEA-8A60-8DCA87F4C983}.Local|Any CPU.ActiveCfg = Debug|Any CPU
		{AA702156-B091-4AEA-8A60-8DCA87F4C983}.Local|Any CPU.Build.0 = Debug|Any CPU
		{AA702156-B091-4AEA-8A60-8DCA87F4C983}.Release|Any CPU.ActiveCfg = Release|Any CPU
		{AA702156-B091-4AEA-8A60-8DCA87F4C983}.Release|Any CPU.Build.0 = Release|Any CPU
		{AA702156-B091-4AEA-8A60-8DCA87F4C983}.Test|Any CPU.ActiveCfg = Debug|Any CPU
		{AA702156-B091-4AEA-8A60-8DCA87F4C983}.Test|Any CPU.Build.0 = Debug|Any CPU
	EndGlobalSection
	GlobalSection(SolutionProperties) = preSolution
		HideSolutionNode = FALSE
	EndGlobalSection
	GlobalSection(NestedProjects) = preSolution
		{649D77E0-7EFB-4D3B-A1C9-CB3E3CFC1084} = {598B40A0-1EC0-4C96-9439-43F5EA7DB28E}
		{05407CF6-669F-46BF-A053-6ACD7BD33DE0} = {F3A47C2B-685D-43B8-904A-4E4810416EC9}
		{B1DD90F1-591F-4F79-9784-45420085ECF5} = {EEBFFE21-D1CC-4B9F-8AB6-B7E57E46FBAD}
		{AA386139-B06E-4815-B61C-92035C15629D} = {EEBFFE21-D1CC-4B9F-8AB6-B7E57E46FBAD}
		{59C48CF8-D645-4CF8-A98E-A1F41F651F0E} = {598B40A0-1EC0-4C96-9439-43F5EA7DB28E}
		{E5B9BAEB-6FFA-46AB-B63B-989929FA334C} = {EEBFFE21-D1CC-4B9F-8AB6-B7E57E46FBAD}
		{F6AFD57E-AA6D-481F-9D2B-11D3AC427D03} = {EEBFFE21-D1CC-4B9F-8AB6-B7E57E46FBAD}
		{745AA70C-4DDB-4F3A-9411-2DB8B92F51F7} = {598B40A0-1EC0-4C96-9439-43F5EA7DB28E}
		{D146A749-7635-44D6-9457-77F504EC7C27} = {598B40A0-1EC0-4C96-9439-43F5EA7DB28E}
		{017586D5-8643-4FD6-A124-9B4D0713C824} = {EEBFFE21-D1CC-4B9F-8AB6-B7E57E46FBAD}
		{809EB16D-46B7-41A9-A1CE-28F29A850A96} = {F3A47C2B-685D-43B8-904A-4E4810416EC9}
		{0CEA664B-E1D0-4CEB-B740-C756B29F9C05} = {EEBFFE21-D1CC-4B9F-8AB6-B7E57E46FBAD}
		{F2A900ED-3AE7-48FC-A425-DC98C612D9B1} = {C84AB77A-072E-4545-9229-2B925C9F2469}
		{4C44B86F-3898-4220-BDE2-547CA475CDC7} = {76E54D32-344D-44E7-A058-C93B85497755}
		{526A25D6-8A42-4542-8629-0C47015EB6ED} = {76E54D32-344D-44E7-A058-C93B85497755}
		{52E74919-2A48-43D4-9D92-7D70E46B06C9} = {EEBFFE21-D1CC-4B9F-8AB6-B7E57E46FBAD}
		{C8010792-EA99-47F9-A8A8-7DF231DAD369} = {EEBFFE21-D1CC-4B9F-8AB6-B7E57E46FBAD}
		{11561247-1331-9F3E-DF9B-E26631692ED1} = {C84AB77A-072E-4545-9229-2B925C9F2469}
		{AA702156-B091-4AEA-8A60-8DCA87F4C983} = {E53968C5-358D-47B6-B9F4-7787EE00B1D9}
	EndGlobalSection
	GlobalSection(ExtensibilityGlobals) = postSolution
		SolutionGuid = {5A150C50-E285-4910-81DD-E48CAB1216BB}
	EndGlobalSection
EndGlobal
